
Microsoft Visual Studio Solution File, Format Version 12.00
# Visual Studio 15
VisualStudioVersion = 15.0.28307.1082
MinimumVisualStudioVersion = 10.0.40219.1
Project("{FAE04EC0-301F-11D3-BF4B-00C04F79EFBC}") = "PP(Z5_WinForms)", "PP(Z5_WinForms)\PP(Z5_WinForms).csproj", "{BBEAEFB4-A68B-4C6A-8E98-F3EF4A575D5F}"
EndProject
Global
	GlobalSection(SolutionConfigurationPlatforms) = preSolution
		Debug|Any CPU = Debug|Any CPU
		Release|Any CPU = Release|Any CPU
	EndGlobalSection
	GlobalSection(ProjectConfigurationPlatforms) = postSolution
		{BBEAEFB4-A68B-4C6A-8E98-F3EF4A575D5F}.Debug|Any CPU.ActiveCfg = Debug|Any CPU
		{BBEAEFB4-A68B-4C6A-8E98-F3EF4A575D5F}.Debug|Any CPU.Build.0 = Debug|Any CPU
		{BBEAEFB4-A68B-4C6A-8E98-F3EF4A575D5F}.Release|Any CPU.ActiveCfg = Release|Any CPU
		{BBEAEFB4-A68B-4C6A-8E98-F3EF4A575D5F}.Release|Any CPU.Build.0 = Release|Any CPU
	EndGlobalSection
	GlobalSection(SolutionProperties) = preSolution
		HideSolutionNode = FALSE
	EndGlobalSection
	GlobalSection(ExtensibilityGlobals) = postSolution
		SolutionGuid = {9CF35068-844B-4ECB-BA9A-5C0FFD871ED6}
	EndGlobalSection
EndGlobal
